
Microsoft Visual Studio Solution File, Format Version 12.00
# Visual Studio Version 16
VisualStudioVersion = 16.0.31112.23
MinimumVisualStudioVersion = 10.0.40219.1
Project("{9A19103F-16F7-4668-BE54-9A1E7A4F7556}") = "Ch05Ex03", "Ch05Ex03\Ch05Ex03.csproj", "{4DD64D1A-C7CF-455B-BE12-A21B6726D2AC}"
EndProject
Project("{9A19103F-16F7-4668-BE54-9A1E7A4F7556}") = "Ch05Ex04", "Ch05Ex04\Ch05Ex04.csproj", "{4C8E9385-2CFE-4B6B-8406-E70B613DAE2B}"
EndProject
Project("{9A19103F-16F7-4668-BE54-9A1E7A4F7556}") = "Ch05Ex05", "Ch05Ex05\Ch05Ex05.csproj", "{C794E213-99E9-40F1-A31A-E3A14D9E3690}"
EndProject
Project("{9A19103F-16F7-4668-BE54-9A1E7A4F7556}") = "Ch05String", "Ch05String\Ch05String.csproj", "{80C2F04D-5341-44CD-81C6-5F6CC3C29C9A}"
EndProject
Project("{9A19103F-16F7-4668-BE54-9A1E7A4F7556}") = "Ch05Ex06", "Ch05Ex06\Ch05Ex06.csproj", "{A96F3566-5F98-4C5C-AEAC-75AC57C7117C}"
EndProject
Project("{9A19103F-16F7-4668-BE54-9A1E7A4F7556}") = "Ch05Exercises", "Ch05Exercises\Ch05Exercises.csproj", "{C00BF46A-9794-426E-A5CB-F044B1E41895}"
EndProject
Project("{9A19103F-16F7-4668-BE54-9A1E7A4F7556}") = "Ch06Ex01", "Ch06Ex01\Ch06Ex01.csproj", "{C46A9E3A-B20F-42CF-B030-C14B617279B5}"
EndProject
Project("{9A19103F-16F7-4668-BE54-9A1E7A4F7556}") = "Ch06Ex02", "Ch06Ex02\Ch06Ex02.csproj", "{FB7AED86-6AB6-4CD8-B2D5-0294248EE62E}"
EndProject
Project("{9A19103F-16F7-4668-BE54-9A1E7A4F7556}") = "Ch05Ex02", "Ch05Ex02\Ch05Ex02.csproj", "{EAD0DBB2-D278-4792-8EC2-FF87217ABE25}"
EndProject
Project("{9A19103F-16F7-4668-BE54-9A1E7A4F7556}") = "Ch05TypeConversion", "Ch05TypeConversion\Ch05TypeConversion.csproj", "{BBC5D7CA-5BF9-4F4B-97B2-3B9CB0FA5C91}"
EndProject
Project("{9A19103F-16F7-4668-BE54-9A1E7A4F7556}") = "Ch06Ex03", "Ch06Ex03\Ch06Ex03.csproj", "{52133CE6-C2EE-4EC1-8FDE-4A0A4EF7EC26}"
EndProject
Project("{9A19103F-16F7-4668-BE54-9A1E7A4F7556}") = "Ch06Tuple", "Ch06Tuple\Ch06Tuple.csproj", "{50A0CA6D-DAF5-42E1-BEB1-ECD2F16E9A86}"
EndProject
Project("{9A19103F-16F7-4668-BE54-9A1E7A4F7556}") = "Ch06Ex04", "Ch06Ex04\Ch06Ex04.csproj", "{47C1C2AF-7147-4BC1-8EE7-23E68D83E700}"
EndProject
Project("{9A19103F-16F7-4668-BE54-9A1E7A4F7556}") = "Ch06LocalFunction", "Ch06LocalFunction\Ch06LocalFunction.csproj", "{05050F7F-53AD-4596-8D13-0263E5D97C2F}"
EndProject
Project("{9A19103F-16F7-4668-BE54-9A1E7A4F7556}") = "Ch06VariableScope", "Ch06VariableScope\Ch06VariableScope.csproj", "{64D2EF2C-7590-45FA-A90F-15BCF47D9699}"
EndProject
Project("{9A19103F-16F7-4668-BE54-9A1E7A4F7556}") = "Ch06StructFunction", "Ch06StructFunction\Ch06StructFunction.csproj", "{D412FE26-4272-4CBF-A24C-C7477F05079A}"
EndProject
Project("{9A19103F-16F7-4668-BE54-9A1E7A4F7556}") = "Ch06OverloadingFunctions", "Ch06OverloadingFunctions\Ch06OverloadingFunctions.csproj", "{39F20F56-8C9A-49F7-ABD3-54B312AA5FBE}"
EndProject
Project("{9A19103F-16F7-4668-BE54-9A1E7A4F7556}") = "Ch06Delegates", "Ch06Delegates\Ch06Delegates.csproj", "{77FA5121-AF23-41DA-938E-E7B303933956}"
EndProject
Project("{9A19103F-16F7-4668-BE54-9A1E7A4F7556}") = "Ch06Ex62", "Ch06Exercises\Ch06Ex62.csproj", "{057C7618-3CC0-4596-9203-0CB835606C94}"
EndProject
Project("{9A19103F-16F7-4668-BE54-9A1E7A4F7556}") = "Ch06Ex63", "Ch06Ex63\Ch06Ex63.csproj", "{3E7635CA-A29E-4E8B-A4FE-C08A18930560}"
EndProject
Project("{9A19103F-16F7-4668-BE54-9A1E7A4F7556}") = "Ch06Ex64", "Ch06Ex64\Ch06Ex64.csproj", "{C63FB2BA-90B0-4E49-8F79-FA3CE348A54B}"
EndProject
Project("{9A19103F-16F7-4668-BE54-9A1E7A4F7556}") = "Ch07Ex01", "Ch07Ex01\Ch07Ex01.csproj", "{C5AAFD31-7999-4512-BAF8-0F91DE5A0ADF}"
EndProject
Project("{9A19103F-16F7-4668-BE54-9A1E7A4F7556}") = "Ch05Array", "Ch05Array\Ch05Array.csproj", "{CAA63772-E628-4E29-B0E0-56503B225782}"
EndProject
Project("{9A19103F-16F7-4668-BE54-9A1E7A4F7556}") = "Ch07Ex02", "Ch07Ex02\Ch07Ex02.csproj", "{33B30031-46D6-4500-9D62-E70853F8E6BA}"
EndProject
Project("{9A19103F-16F7-4668-BE54-9A1E7A4F7556}") = "Ch07Ex72", "Ch07Ex72\Ch07Ex72.csproj", "{E4016A4F-F27C-4F9D-AFD9-FAD2F6CE72F3}"
EndProject
Project("{9A19103F-16F7-4668-BE54-9A1E7A4F7556}") = "Ch07Ex74", "Ch07Ex74\Ch07Ex74.csproj", "{0D179276-8CDD-4319-991E-7FE4BCC26F47}"
EndProject
Project("{9A19103F-16F7-4668-BE54-9A1E7A4F7556}") = "Ch08Ex01", "Ch08Ex01\Ch08Ex01.csproj", "{FF900A71-289D-415D-AA33-D2C6AB0F9280}"
EndProject
Project("{9A19103F-16F7-4668-BE54-9A1E7A4F7556}") = "Ch09Ex01", "Ch09Ex01\Ch09Ex01.csproj", "{A22C7824-BF47-4C9A-A9F4-F5521E2C8F9E}"
EndProject
Project("{9A19103F-16F7-4668-BE54-9A1E7A4F7556}") = "Ch09ClassLib", "Ch09ClassLib\Ch09ClassLib.csproj", "{81573B1D-FAF1-468C-8CF9-7EC7E51667DE}"
EndProject
Project("{9A19103F-16F7-4668-BE54-9A1E7A4F7556}") = "Ch09Ex02", "Ch09Ex02\Ch09Ex02.csproj", "{B21B4ED8-F5DC-46C6-9B58-1480FFCFAA48}"
EndProject
Project("{9A19103F-16F7-4668-BE54-9A1E7A4F7556}") = "Ch09Ex03", "Ch09Ex03\Ch09Ex03.csproj", "{E9FA194C-5525-45D8-882E-868D06E08B63}"
EndProject
Project("{9A19103F-16F7-4668-BE54-9A1E7A4F7556}") = "Ch09Ex94", "Ch09Ex94\Ch09Ex94.csproj", "{8AFC890D-CCB0-484E-BA63-84B33FC5CC1A}"
EndProject
Project("{9A19103F-16F7-4668-BE54-9A1E7A4F7556}") = "Ch09Ex95", "Ch09Ex95\Ch09Ex95.csproj", "{F0A1D26E-DED4-44AE-94DD-CB941C511911}"
EndProject
Project("{9A19103F-16F7-4668-BE54-9A1E7A4F7556}") = "Ch10CardClient", "Ch10CardClient\Ch10CardClient.csproj", "{CA40167D-A089-481F-ACE3-656B4DC8952E}"
EndProject
Project("{9A19103F-16F7-4668-BE54-9A1E7A4F7556}") = "Ch10Ex01", "Ch10Ex01\Ch10Ex01.csproj", "{4829AB9A-A806-4438-8117-731FB5F2074A}"
EndProject
Project("{9A19103F-16F7-4668-BE54-9A1E7A4F7556}") = "Ch10Ex02", "Ch10Ex02\Ch10Ex02.csproj", "{0999D6A4-4655-4051-A3A7-8D09E6371213}"
EndProject
Project("{9A19103F-16F7-4668-BE54-9A1E7A4F7556}") = "Ch10Ex101", "Ch10Ex101\Ch10Ex101.csproj", "{9E10FCB2-3179-45C9-B183-075E9E2FD1BB}"
EndProject
Project("{9A19103F-16F7-4668-BE54-9A1E7A4F7556}") = "Ch10Ex102", "Ch10Ex102\Ch10Ex102.csproj", "{A565E5A0-E17D-4484-9F00-5D8BAEB313B9}"
EndProject
Project("{9A19103F-16F7-4668-BE54-9A1E7A4F7556}") = "Ch10Ex104", "Ch10Ex104\Ch10Ex104.csproj", "{134FBB00-BCED-4096-85D2-6D5D8C690F14}"
EndProject
Project("{9A19103F-16F7-4668-BE54-9A1E7A4F7556}") = "Ch10Ex105", "Ch10Ex105\Ch10Ex105.csproj", "{E9F1444E-3515-4F47-A6C3-8990A6B593A2}"
EndProject
Project("{9A19103F-16F7-4668-BE54-9A1E7A4F7556}") = "Ch11Ex01", "Ch11Ex01\Ch11Ex01.csproj", "{FCC33925-F41B-4E87-B783-866BC4954180}"
EndProject
Project("{9A19103F-16F7-4668-BE54-9A1E7A4F7556}") = "Ch11Ex02", "Ch11Ex02\Ch11Ex02.csproj", "{3F31A5BB-41A3-4947-97BD-4D063938B46B}"
EndProject
Project("{9A19103F-16F7-4668-BE54-9A1E7A4F7556}") = "Ch11CardLib", "Ch11CardLib\Ch11CardLib.csproj", "{2E73943E-B016-4C3E-886F-D4A84A5E40ED}"
EndProject
Project("{9A19103F-16F7-4668-BE54-9A1E7A4F7556}") = "Ch11SimpleIterators", "Ch11SimpleIterators\Ch11SimpleIterators.csproj", "{E2E738C2-6119-40CC-962A-6BB458C8B833}"
EndProject
Project("{9A19103F-16F7-4668-BE54-9A1E7A4F7556}") = "Ch11Ex03", "Ch11Ex03\Ch11Ex03.csproj", "{23DED2AC-5421-40B2-A510-E1210D838040}"
EndProject
Project("{9A19103F-16F7-4668-BE54-9A1E7A4F7556}") = "Ch11AnimalDictionaryBase", "Ch11AnimalDictionaryBase\Ch11AnimalDictionaryBase.csproj", "{7A57D602-21E1-4FCE-99B1-9307C837634B}"
EndProject
Project("{9A19103F-16F7-4668-BE54-9A1E7A4F7556}") = "Ch11Cloner", "Ch11Cloner\Ch11Cloner.csproj", "{6026F987-0D17-4F77-808D-F907BE327FD9}"
EndProject
Project("{9A19103F-16F7-4668-BE54-9A1E7A4F7556}") = "Ch11CardClient", "Ch11CardClient\Ch11CardClient.csproj", "{95D7D7DF-6B0D-4B84-B8BD-D5962457FA2C}"
EndProject
Project("{9A19103F-16F7-4668-BE54-9A1E7A4F7556}") = "Ch11Ex04", "Ch11Ex04\Ch11Ex04.csproj", "{40A2662B-2F5C-45E0-8565-2318476868F6}"
EndProject
Project("{9A19103F-16F7-4668-BE54-9A1E7A4F7556}") = "Ch11OperatorOverloading", "Ch11OperatorOverloading\Ch11OperatorOverloading.csproj", "{F80EAFB6-BDC9-46D3-BD31-5F558B94A3B8}"
EndProject
Project("{9A19103F-16F7-4668-BE54-9A1E7A4F7556}") = "Ch11Ex05", "Ch11Ex05\Ch11Ex05.csproj", "{435B6F5F-790E-40C7-B33D-FE32D06AA8E7}"
EndProject
Project("{9A19103F-16F7-4668-BE54-9A1E7A4F7556}") = "Ch10CardLib", "Ch10CardLib\Ch10CardLib.csproj", "{72EB9207-886D-4003-AFC1-F81CA1FAB7E0}"
EndProject
Project("{9A19103F-16F7-4668-BE54-9A1E7A4F7556}") = "Ch11Conversions", "Ch11Conversions\Ch11Conversions.csproj", "{FCA41C96-ADE8-4DF5-9137-1EF733C14CAF}"
EndProject
Project("{9A19103F-16F7-4668-BE54-9A1E7A4F7556}") = "Ch11ExAll", "Ch11Ex111\Ch11ExAll.csproj", "{7E0D1A50-A937-44A9-9E4A-B5BE1C7015DF}"
EndProject
Project("{2150E333-8FDC-42A3-9474-1A3956D46DE8}") = "Note", "Note", "{D2414E65-A4CF-4B93-9569-824BD83194A4}"
	ProjectSection(SolutionItems) = preProject
		Ch11.md = Ch11.md
	EndProjectSection
EndProject
Project("{9A19103F-16F7-4668-BE54-9A1E7A4F7556}") = "Ch12NullableType", "Ch12NullableType\Ch12NullableType.csproj", "{2014E143-A0BC-4D43-AE62-45FBB9CD5C40}"
EndProject
Project("{9A19103F-16F7-4668-BE54-9A1E7A4F7556}") = "Ch12Ex01", "Ch12Ex01\Ch12Ex01.csproj", "{F58CE33D-5AF3-473C-BFFE-D00CBF4E526F}"
EndProject
Project("{9A19103F-16F7-4668-BE54-9A1E7A4F7556}") = "Ch12Ex02", "Ch12Ex02\Ch12Ex02.csproj", "{3EAD750B-66B4-4E0C-8BF2-162FA45B3146}"
EndProject
Project("{9A19103F-16F7-4668-BE54-9A1E7A4F7556}") = "Ch12Ex03", "Ch12Ex03\Ch12Ex03.csproj", "{982F7194-AB97-4011-97FF-15C300AEF5FA}"
EndProject
Project("{9A19103F-16F7-4668-BE54-9A1E7A4F7556}") = "Ch12CardLib", "Ch12CardLib\Ch12CardLib.csproj", "{251DADE3-8DE0-4916-B96C-68CDA2506A0D}"
EndProject
Project("{FAE04EC0-301F-11D3-BF4B-00C04F79EFBC}") = "Ch12Ex04", "Ch12Ex04\Ch12Ex04.csproj", "{C56CACB6-A884-450A-B695-2CF1A1D8F1D0}"
EndProject
Project("{FAE04EC0-301F-11D3-BF4B-00C04F79EFBC}") = "Ch12Ex121", "Ch12Ex121\Ch12Ex121.csproj", "{207AD756-B49E-45E6-969C-639765C2656D}"
EndProject
Project("{FAE04EC0-301F-11D3-BF4B-00C04F79EFBC}") = "Ch12Ex125", "Ch12Ex125\Ch12Ex125.csproj", "{22387ADF-D93D-447C-8DDB-F252976EE6D6}"
EndProject
Global
	GlobalSection(SolutionConfigurationPlatforms) = preSolution
		Debug|Any CPU = Debug|Any CPU
		Release|Any CPU = Release|Any CPU
	EndGlobalSection
	GlobalSection(ProjectConfigurationPlatforms) = postSolution
		{4DD64D1A-C7CF-455B-BE12-A21B6726D2AC}.Debug|Any CPU.ActiveCfg = Debug|Any CPU
		{4DD64D1A-C7CF-455B-BE12-A21B6726D2AC}.Debug|Any CPU.Build.0 = Debug|Any CPU
		{4DD64D1A-C7CF-455B-BE12-A21B6726D2AC}.Release|Any CPU.ActiveCfg = Release|Any CPU
		{4DD64D1A-C7CF-455B-BE12-A21B6726D2AC}.Release|Any CPU.Build.0 = Release|Any CPU
		{4C8E9385-2CFE-4B6B-8406-E70B613DAE2B}.Debug|Any CPU.ActiveCfg = Debug|Any CPU
		{4C8E9385-2CFE-4B6B-8406-E70B613DAE2B}.Debug|Any CPU.Build.0 = Debug|Any CPU
		{4C8E9385-2CFE-4B6B-8406-E70B613DAE2B}.Release|Any CPU.ActiveCfg = Release|Any CPU
		{4C8E9385-2CFE-4B6B-8406-E70B613DAE2B}.Release|Any CPU.Build.0 = Release|Any CPU
		{C794E213-99E9-40F1-A31A-E3A14D9E3690}.Debug|Any CPU.ActiveCfg = Debug|Any CPU
		{C794E213-99E9-40F1-A31A-E3A14D9E3690}.Debug|Any CPU.Build.0 = Debug|Any CPU
		{C794E213-99E9-40F1-A31A-E3A14D9E3690}.Release|Any CPU.ActiveCfg = Release|Any CPU
		{C794E213-99E9-40F1-A31A-E3A14D9E3690}.Release|Any CPU.Build.0 = Release|Any CPU
		{80C2F04D-5341-44CD-81C6-5F6CC3C29C9A}.Debug|Any CPU.ActiveCfg = Debug|Any CPU
		{80C2F04D-5341-44CD-81C6-5F6CC3C29C9A}.Debug|Any CPU.Build.0 = Debug|Any CPU
		{80C2F04D-5341-44CD-81C6-5F6CC3C29C9A}.Release|Any CPU.ActiveCfg = Release|Any CPU
		{80C2F04D-5341-44CD-81C6-5F6CC3C29C9A}.Release|Any CPU.Build.0 = Release|Any CPU
		{A96F3566-5F98-4C5C-AEAC-75AC57C7117C}.Debug|Any CPU.ActiveCfg = Debug|Any CPU
		{A96F3566-5F98-4C5C-AEAC-75AC57C7117C}.Debug|Any CPU.Build.0 = Debug|Any CPU
		{A96F3566-5F98-4C5C-AEAC-75AC57C7117C}.Release|Any CPU.ActiveCfg = Release|Any CPU
		{A96F3566-5F98-4C5C-AEAC-75AC57C7117C}.Release|Any CPU.Build.0 = Release|Any CPU
		{C00BF46A-9794-426E-A5CB-F044B1E41895}.Debug|Any CPU.ActiveCfg = Debug|Any CPU
		{C00BF46A-9794-426E-A5CB-F044B1E41895}.Debug|Any CPU.Build.0 = Debug|Any CPU
		{C00BF46A-9794-426E-A5CB-F044B1E41895}.Release|Any CPU.ActiveCfg = Release|Any CPU
		{C00BF46A-9794-426E-A5CB-F044B1E41895}.Release|Any CPU.Build.0 = Release|Any CPU
		{C46A9E3A-B20F-42CF-B030-C14B617279B5}.Debug|Any CPU.ActiveCfg = Debug|Any CPU
		{C46A9E3A-B20F-42CF-B030-C14B617279B5}.Debug|Any CPU.Build.0 = Debug|Any CPU
		{C46A9E3A-B20F-42CF-B030-C14B617279B5}.Release|Any CPU.ActiveCfg = Release|Any CPU
		{C46A9E3A-B20F-42CF-B030-C14B617279B5}.Release|Any CPU.Build.0 = Release|Any CPU
		{FB7AED86-6AB6-4CD8-B2D5-0294248EE62E}.Debug|Any CPU.ActiveCfg = Debug|Any CPU
		{FB7AED86-6AB6-4CD8-B2D5-0294248EE62E}.Debug|Any CPU.Build.0 = Debug|Any CPU
		{FB7AED86-6AB6-4CD8-B2D5-0294248EE62E}.Release|Any CPU.ActiveCfg = Release|Any CPU
		{FB7AED86-6AB6-4CD8-B2D5-0294248EE62E}.Release|Any CPU.Build.0 = Release|Any CPU
		{EAD0DBB2-D278-4792-8EC2-FF87217ABE25}.Debug|Any CPU.ActiveCfg = Debug|Any CPU
		{EAD0DBB2-D278-4792-8EC2-FF87217ABE25}.Debug|Any CPU.Build.0 = Debug|Any CPU
		{EAD0DBB2-D278-4792-8EC2-FF87217ABE25}.Release|Any CPU.ActiveCfg = Release|Any CPU
		{EAD0DBB2-D278-4792-8EC2-FF87217ABE25}.Release|Any CPU.Build.0 = Release|Any CPU
		{BBC5D7CA-5BF9-4F4B-97B2-3B9CB0FA5C91}.Debug|Any CPU.ActiveCfg = Debug|Any CPU
		{BBC5D7CA-5BF9-4F4B-97B2-3B9CB0FA5C91}.Debug|Any CPU.Build.0 = Debug|Any CPU
		{BBC5D7CA-5BF9-4F4B-97B2-3B9CB0FA5C91}.Release|Any CPU.ActiveCfg = Release|Any CPU
		{BBC5D7CA-5BF9-4F4B-97B2-3B9CB0FA5C91}.Release|Any CPU.Build.0 = Release|Any CPU
		{52133CE6-C2EE-4EC1-8FDE-4A0A4EF7EC26}.Debug|Any CPU.ActiveCfg = Debug|Any CPU
		{52133CE6-C2EE-4EC1-8FDE-4A0A4EF7EC26}.Debug|Any CPU.Build.0 = Debug|Any CPU
		{52133CE6-C2EE-4EC1-8FDE-4A0A4EF7EC26}.Release|Any CPU.ActiveCfg = Release|Any CPU
		{52133CE6-C2EE-4EC1-8FDE-4A0A4EF7EC26}.Release|Any CPU.Build.0 = Release|Any CPU
		{50A0CA6D-DAF5-42E1-BEB1-ECD2F16E9A86}.Debug|Any CPU.ActiveCfg = Debug|Any CPU
		{50A0CA6D-DAF5-42E1-BEB1-ECD2F16E9A86}.Debug|Any CPU.Build.0 = Debug|Any CPU
		{50A0CA6D-DAF5-42E1-BEB1-ECD2F16E9A86}.Release|Any CPU.ActiveCfg = Release|Any CPU
		{50A0CA6D-DAF5-42E1-BEB1-ECD2F16E9A86}.Release|Any CPU.Build.0 = Release|Any CPU
		{47C1C2AF-7147-4BC1-8EE7-23E68D83E700}.Debug|Any CPU.ActiveCfg = Debug|Any CPU
		{47C1C2AF-7147-4BC1-8EE7-23E68D83E700}.Debug|Any CPU.Build.0 = Debug|Any CPU
		{47C1C2AF-7147-4BC1-8EE7-23E68D83E700}.Release|Any CPU.ActiveCfg = Release|Any CPU
		{47C1C2AF-7147-4BC1-8EE7-23E68D83E700}.Release|Any CPU.Build.0 = Release|Any CPU
		{05050F7F-53AD-4596-8D13-0263E5D97C2F}.Debug|Any CPU.ActiveCfg = Debug|Any CPU
		{05050F7F-53AD-4596-8D13-0263E5D97C2F}.Debug|Any CPU.Build.0 = Debug|Any CPU
		{05050F7F-53AD-4596-8D13-0263E5D97C2F}.Release|Any CPU.ActiveCfg = Release|Any CPU
		{05050F7F-53AD-4596-8D13-0263E5D97C2F}.Release|Any CPU.Build.0 = Release|Any CPU
		{64D2EF2C-7590-45FA-A90F-15BCF47D9699}.Debug|Any CPU.ActiveCfg = Debug|Any CPU
		{64D2EF2C-7590-45FA-A90F-15BCF47D9699}.Debug|Any CPU.Build.0 = Debug|Any CPU
		{64D2EF2C-7590-45FA-A90F-15BCF47D9699}.Release|Any CPU.ActiveCfg = Release|Any CPU
		{64D2EF2C-7590-45FA-A90F-15BCF47D9699}.Release|Any CPU.Build.0 = Release|Any CPU
		{D412FE26-4272-4CBF-A24C-C7477F05079A}.Debug|Any CPU.ActiveCfg = Debug|Any CPU
		{D412FE26-4272-4CBF-A24C-C7477F05079A}.Debug|Any CPU.Build.0 = Debug|Any CPU
		{D412FE26-4272-4CBF-A24C-C7477F05079A}.Release|Any CPU.ActiveCfg = Release|Any CPU
		{D412FE26-4272-4CBF-A24C-C7477F05079A}.Release|Any CPU.Build.0 = Release|Any CPU
		{39F20F56-8C9A-49F7-ABD3-54B312AA5FBE}.Debug|Any CPU.ActiveCfg = Debug|Any CPU
		{39F20F56-8C9A-49F7-ABD3-54B312AA5FBE}.Debug|Any CPU.Build.0 = Debug|Any CPU
		{39F20F56-8C9A-49F7-ABD3-54B312AA5FBE}.Release|Any CPU.ActiveCfg = Release|Any CPU
		{39F20F56-8C9A-49F7-ABD3-54B312AA5FBE}.Release|Any CPU.Build.0 = Release|Any CPU
		{77FA5121-AF23-41DA-938E-E7B303933956}.Debug|Any CPU.ActiveCfg = Debug|Any CPU
		{77FA5121-AF23-41DA-938E-E7B303933956}.Debug|Any CPU.Build.0 = Debug|Any CPU
		{77FA5121-AF23-41DA-938E-E7B303933956}.Release|Any CPU.ActiveCfg = Release|Any CPU
		{77FA5121-AF23-41DA-938E-E7B303933956}.Release|Any CPU.Build.0 = Release|Any CPU
		{057C7618-3CC0-4596-9203-0CB835606C94}.Debug|Any CPU.ActiveCfg = Debug|Any CPU
		{057C7618-3CC0-4596-9203-0CB835606C94}.Debug|Any CPU.Build.0 = Debug|Any CPU
		{057C7618-3CC0-4596-9203-0CB835606C94}.Release|Any CPU.ActiveCfg = Release|Any CPU
		{057C7618-3CC0-4596-9203-0CB835606C94}.Release|Any CPU.Build.0 = Release|Any CPU
		{3E7635CA-A29E-4E8B-A4FE-C08A18930560}.Debug|Any CPU.ActiveCfg = Debug|Any CPU
		{3E7635CA-A29E-4E8B-A4FE-C08A18930560}.Debug|Any CPU.Build.0 = Debug|Any CPU
		{3E7635CA-A29E-4E8B-A4FE-C08A18930560}.Release|Any CPU.ActiveCfg = Release|Any CPU
		{3E7635CA-A29E-4E8B-A4FE-C08A18930560}.Release|Any CPU.Build.0 = Release|Any CPU
		{C63FB2BA-90B0-4E49-8F79-FA3CE348A54B}.Debug|Any CPU.ActiveCfg = Debug|Any CPU
		{C63FB2BA-90B0-4E49-8F79-FA3CE348A54B}.Debug|Any CPU.Build.0 = Debug|Any CPU
		{C63FB2BA-90B0-4E49-8F79-FA3CE348A54B}.Release|Any CPU.ActiveCfg = Release|Any CPU
		{C63FB2BA-90B0-4E49-8F79-FA3CE348A54B}.Release|Any CPU.Build.0 = Release|Any CPU
		{C5AAFD31-7999-4512-BAF8-0F91DE5A0ADF}.Debug|Any CPU.ActiveCfg = Debug|Any CPU
		{C5AAFD31-7999-4512-BAF8-0F91DE5A0ADF}.Debug|Any CPU.Build.0 = Debug|Any CPU
		{C5AAFD31-7999-4512-BAF8-0F91DE5A0ADF}.Release|Any CPU.ActiveCfg = Release|Any CPU
		{C5AAFD31-7999-4512-BAF8-0F91DE5A0ADF}.Release|Any CPU.Build.0 = Release|Any CPU
		{CAA63772-E628-4E29-B0E0-56503B225782}.Debug|Any CPU.ActiveCfg = Debug|Any CPU
		{CAA63772-E628-4E29-B0E0-56503B225782}.Debug|Any CPU.Build.0 = Debug|Any CPU
		{CAA63772-E628-4E29-B0E0-56503B225782}.Release|Any CPU.ActiveCfg = Release|Any CPU
		{CAA63772-E628-4E29-B0E0-56503B225782}.Release|Any CPU.Build.0 = Release|Any CPU
		{33B30031-46D6-4500-9D62-E70853F8E6BA}.Debug|Any CPU.ActiveCfg = Debug|Any CPU
		{33B30031-46D6-4500-9D62-E70853F8E6BA}.Debug|Any CPU.Build.0 = Debug|Any CPU
		{33B30031-46D6-4500-9D62-E70853F8E6BA}.Release|Any CPU.ActiveCfg = Release|Any CPU
		{33B30031-46D6-4500-9D62-E70853F8E6BA}.Release|Any CPU.Build.0 = Release|Any CPU
		{E4016A4F-F27C-4F9D-AFD9-FAD2F6CE72F3}.Debug|Any CPU.ActiveCfg = Debug|Any CPU
		{E4016A4F-F27C-4F9D-AFD9-FAD2F6CE72F3}.Debug|Any CPU.Build.0 = Debug|Any CPU
		{E4016A4F-F27C-4F9D-AFD9-FAD2F6CE72F3}.Release|Any CPU.ActiveCfg = Release|Any CPU
		{E4016A4F-F27C-4F9D-AFD9-FAD2F6CE72F3}.Release|Any CPU.Build.0 = Release|Any CPU
		{0D179276-8CDD-4319-991E-7FE4BCC26F47}.Debug|Any CPU.ActiveCfg = Debug|Any CPU
		{0D179276-8CDD-4319-991E-7FE4BCC26F47}.Debug|Any CPU.Build.0 = Debug|Any CPU
		{0D179276-8CDD-4319-991E-7FE4BCC26F47}.Release|Any CPU.ActiveCfg = Release|Any CPU
		{0D179276-8CDD-4319-991E-7FE4BCC26F47}.Release|Any CPU.Build.0 = Release|Any CPU
		{FF900A71-289D-415D-AA33-D2C6AB0F9280}.Debug|Any CPU.ActiveCfg = Debug|Any CPU
		{FF900A71-289D-415D-AA33-D2C6AB0F9280}.Debug|Any CPU.Build.0 = Debug|Any CPU
		{FF900A71-289D-415D-AA33-D2C6AB0F9280}.Release|Any CPU.ActiveCfg = Release|Any CPU
		{FF900A71-289D-415D-AA33-D2C6AB0F9280}.Release|Any CPU.Build.0 = Release|Any CPU
		{A22C7824-BF47-4C9A-A9F4-F5521E2C8F9E}.Debug|Any CPU.ActiveCfg = Debug|Any CPU
		{A22C7824-BF47-4C9A-A9F4-F5521E2C8F9E}.Debug|Any CPU.Build.0 = Debug|Any CPU
		{A22C7824-BF47-4C9A-A9F4-F5521E2C8F9E}.Release|Any CPU.ActiveCfg = Release|Any CPU
		{A22C7824-BF47-4C9A-A9F4-F5521E2C8F9E}.Release|Any CPU.Build.0 = Release|Any CPU
		{81573B1D-FAF1-468C-8CF9-7EC7E51667DE}.Debug|Any CPU.ActiveCfg = Debug|Any CPU
		{81573B1D-FAF1-468C-8CF9-7EC7E51667DE}.Debug|Any CPU.Build.0 = Debug|Any CPU
		{81573B1D-FAF1-468C-8CF9-7EC7E51667DE}.Release|Any CPU.ActiveCfg = Release|Any CPU
		{81573B1D-FAF1-468C-8CF9-7EC7E51667DE}.Release|Any CPU.Build.0 = Release|Any CPU
		{B21B4ED8-F5DC-46C6-9B58-1480FFCFAA48}.Debug|Any CPU.ActiveCfg = Debug|Any CPU
		{B21B4ED8-F5DC-46C6-9B58-1480FFCFAA48}.Debug|Any CPU.Build.0 = Debug|Any CPU
		{B21B4ED8-F5DC-46C6-9B58-1480FFCFAA48}.Release|Any CPU.ActiveCfg = Release|Any CPU
		{B21B4ED8-F5DC-46C6-9B58-1480FFCFAA48}.Release|Any CPU.Build.0 = Release|Any CPU
		{E9FA194C-5525-45D8-882E-868D06E08B63}.Debug|Any CPU.ActiveCfg = Debug|Any CPU
		{E9FA194C-5525-45D8-882E-868D06E08B63}.Debug|Any CPU.Build.0 = Debug|Any CPU
		{E9FA194C-5525-45D8-882E-868D06E08B63}.Release|Any CPU.ActiveCfg = Release|Any CPU
		{E9FA194C-5525-45D8-882E-868D06E08B63}.Release|Any CPU.Build.0 = Release|Any CPU
		{8AFC890D-CCB0-484E-BA63-84B33FC5CC1A}.Debug|Any CPU.ActiveCfg = Debug|Any CPU
		{8AFC890D-CCB0-484E-BA63-84B33FC5CC1A}.Debug|Any CPU.Build.0 = Debug|Any CPU
		{8AFC890D-CCB0-484E-BA63-84B33FC5CC1A}.Release|Any CPU.ActiveCfg = Release|Any CPU
		{8AFC890D-CCB0-484E-BA63-84B33FC5CC1A}.Release|Any CPU.Build.0 = Release|Any CPU
		{F0A1D26E-DED4-44AE-94DD-CB941C511911}.Debug|Any CPU.ActiveCfg = Debug|Any CPU
		{F0A1D26E-DED4-44AE-94DD-CB941C511911}.Debug|Any CPU.Build.0 = Debug|Any CPU
		{F0A1D26E-DED4-44AE-94DD-CB941C511911}.Release|Any CPU.ActiveCfg = Release|Any CPU
		{F0A1D26E-DED4-44AE-94DD-CB941C511911}.Release|Any CPU.Build.0 = Release|Any CPU
		{CA40167D-A089-481F-ACE3-656B4DC8952E}.Debug|Any CPU.ActiveCfg = Debug|Any CPU
		{CA40167D-A089-481F-ACE3-656B4DC8952E}.Debug|Any CPU.Build.0 = Debug|Any CPU
		{CA40167D-A089-481F-ACE3-656B4DC8952E}.Release|Any CPU.ActiveCfg = Release|Any CPU
		{CA40167D-A089-481F-ACE3-656B4DC8952E}.Release|Any CPU.Build.0 = Release|Any CPU
		{4829AB9A-A806-4438-8117-731FB5F2074A}.Debug|Any CPU.ActiveCfg = Debug|Any CPU
		{4829AB9A-A806-4438-8117-731FB5F2074A}.Debug|Any CPU.Build.0 = Debug|Any CPU
		{4829AB9A-A806-4438-8117-731FB5F2074A}.Release|Any CPU.ActiveCfg = Release|Any CPU
		{4829AB9A-A806-4438-8117-731FB5F2074A}.Release|Any CPU.Build.0 = Release|Any CPU
		{0999D6A4-4655-4051-A3A7-8D09E6371213}.Debug|Any CPU.ActiveCfg = Debug|Any CPU
		{0999D6A4-4655-4051-A3A7-8D09E6371213}.Debug|Any CPU.Build.0 = Debug|Any CPU
		{0999D6A4-4655-4051-A3A7-8D09E6371213}.Release|Any CPU.ActiveCfg = Release|Any CPU
		{0999D6A4-4655-4051-A3A7-8D09E6371213}.Release|Any CPU.Build.0 = Release|Any CPU
		{9E10FCB2-3179-45C9-B183-075E9E2FD1BB}.Debug|Any CPU.ActiveCfg = Debug|Any CPU
		{9E10FCB2-3179-45C9-B183-075E9E2FD1BB}.Debug|Any CPU.Build.0 = Debug|Any CPU
		{9E10FCB2-3179-45C9-B183-075E9E2FD1BB}.Release|Any CPU.ActiveCfg = Release|Any CPU
		{9E10FCB2-3179-45C9-B183-075E9E2FD1BB}.Release|Any CPU.Build.0 = Release|Any CPU
		{A565E5A0-E17D-4484-9F00-5D8BAEB313B9}.Debug|Any CPU.ActiveCfg = Debug|Any CPU
		{A565E5A0-E17D-4484-9F00-5D8BAEB313B9}.Debug|Any CPU.Build.0 = Debug|Any CPU
		{A565E5A0-E17D-4484-9F00-5D8BAEB313B9}.Release|Any CPU.ActiveCfg = Release|Any CPU
		{A565E5A0-E17D-4484-9F00-5D8BAEB313B9}.Release|Any CPU.Build.0 = Release|Any CPU
		{134FBB00-BCED-4096-85D2-6D5D8C690F14}.Debug|Any CPU.ActiveCfg = Debug|Any CPU
		{134FBB00-BCED-4096-85D2-6D5D8C690F14}.Debug|Any CPU.Build.0 = Debug|Any CPU
		{134FBB00-BCED-4096-85D2-6D5D8C690F14}.Release|Any CPU.ActiveCfg = Release|Any CPU
		{134FBB00-BCED-4096-85D2-6D5D8C690F14}.Release|Any CPU.Build.0 = Release|Any CPU
		{E9F1444E-3515-4F47-A6C3-8990A6B593A2}.Debug|Any CPU.ActiveCfg = Debug|Any CPU
		{E9F1444E-3515-4F47-A6C3-8990A6B593A2}.Debug|Any CPU.Build.0 = Debug|Any CPU
		{E9F1444E-3515-4F47-A6C3-8990A6B593A2}.Release|Any CPU.ActiveCfg = Release|Any CPU
		{E9F1444E-3515-4F47-A6C3-8990A6B593A2}.Release|Any CPU.Build.0 = Release|Any CPU
		{FCC33925-F41B-4E87-B783-866BC4954180}.Debug|Any CPU.ActiveCfg = Debug|Any CPU
		{FCC33925-F41B-4E87-B783-866BC4954180}.Debug|Any CPU.Build.0 = Debug|Any CPU
		{FCC33925-F41B-4E87-B783-866BC4954180}.Release|Any CPU.ActiveCfg = Release|Any CPU
		{FCC33925-F41B-4E87-B783-866BC4954180}.Release|Any CPU.Build.0 = Release|Any CPU
		{3F31A5BB-41A3-4947-97BD-4D063938B46B}.Debug|Any CPU.ActiveCfg = Debug|Any CPU
		{3F31A5BB-41A3-4947-97BD-4D063938B46B}.Debug|Any CPU.Build.0 = Debug|Any CPU
		{3F31A5BB-41A3-4947-97BD-4D063938B46B}.Release|Any CPU.ActiveCfg = Release|Any CPU
		{3F31A5BB-41A3-4947-97BD-4D063938B46B}.Release|Any CPU.Build.0 = Release|Any CPU
		{2E73943E-B016-4C3E-886F-D4A84A5E40ED}.Debug|Any CPU.ActiveCfg = Debug|Any CPU
		{2E73943E-B016-4C3E-886F-D4A84A5E40ED}.Debug|Any CPU.Build.0 = Debug|Any CPU
		{2E73943E-B016-4C3E-886F-D4A84A5E40ED}.Release|Any CPU.ActiveCfg = Release|Any CPU
		{2E73943E-B016-4C3E-886F-D4A84A5E40ED}.Release|Any CPU.Build.0 = Release|Any CPU
		{E2E738C2-6119-40CC-962A-6BB458C8B833}.Debug|Any CPU.ActiveCfg = Debug|Any CPU
		{E2E738C2-6119-40CC-962A-6BB458C8B833}.Debug|Any CPU.Build.0 = Debug|Any CPU
		{E2E738C2-6119-40CC-962A-6BB458C8B833}.Release|Any CPU.ActiveCfg = Release|Any CPU
		{E2E738C2-6119-40CC-962A-6BB458C8B833}.Release|Any CPU.Build.0 = Release|Any CPU
		{23DED2AC-5421-40B2-A510-E1210D838040}.Debug|Any CPU.ActiveCfg = Debug|Any CPU
		{23DED2AC-5421-40B2-A510-E1210D838040}.Debug|Any CPU.Build.0 = Debug|Any CPU
		{23DED2AC-5421-40B2-A510-E1210D838040}.Release|Any CPU.ActiveCfg = Release|Any CPU
		{23DED2AC-5421-40B2-A510-E1210D838040}.Release|Any CPU.Build.0 = Release|Any CPU
		{7A57D602-21E1-4FCE-99B1-9307C837634B}.Debug|Any CPU.ActiveCfg = Debug|Any CPU
		{7A57D602-21E1-4FCE-99B1-9307C837634B}.Debug|Any CPU.Build.0 = Debug|Any CPU
		{7A57D602-21E1-4FCE-99B1-9307C837634B}.Release|Any CPU.ActiveCfg = Release|Any CPU
		{7A57D602-21E1-4FCE-99B1-9307C837634B}.Release|Any CPU.Build.0 = Release|Any CPU
		{6026F987-0D17-4F77-808D-F907BE327FD9}.Debug|Any CPU.ActiveCfg = Debug|Any CPU
		{6026F987-0D17-4F77-808D-F907BE327FD9}.Debug|Any CPU.Build.0 = Debug|Any CPU
		{6026F987-0D17-4F77-808D-F907BE327FD9}.Release|Any CPU.ActiveCfg = Release|Any CPU
		{6026F987-0D17-4F77-808D-F907BE327FD9}.Release|Any CPU.Build.0 = Release|Any CPU
		{95D7D7DF-6B0D-4B84-B8BD-D5962457FA2C}.Debug|Any CPU.ActiveCfg = Debug|Any CPU
		{95D7D7DF-6B0D-4B84-B8BD-D5962457FA2C}.Debug|Any CPU.Build.0 = Debug|Any CPU
		{95D7D7DF-6B0D-4B84-B8BD-D5962457FA2C}.Release|Any CPU.ActiveCfg = Release|Any CPU
		{95D7D7DF-6B0D-4B84-B8BD-D5962457FA2C}.Release|Any CPU.Build.0 = Release|Any CPU
		{40A2662B-2F5C-45E0-8565-2318476868F6}.Debug|Any CPU.ActiveCfg = Debug|Any CPU
		{40A2662B-2F5C-45E0-8565-2318476868F6}.Debug|Any CPU.Build.0 = Debug|Any CPU
		{40A2662B-2F5C-45E0-8565-2318476868F6}.Release|Any CPU.ActiveCfg = Release|Any CPU
		{40A2662B-2F5C-45E0-8565-2318476868F6}.Release|Any CPU.Build.0 = Release|Any CPU
		{F80EAFB6-BDC9-46D3-BD31-5F558B94A3B8}.Debug|Any CPU.ActiveCfg = Debug|Any CPU
		{F80EAFB6-BDC9-46D3-BD31-5F558B94A3B8}.Debug|Any CPU.Build.0 = Debug|Any CPU
		{F80EAFB6-BDC9-46D3-BD31-5F558B94A3B8}.Release|Any CPU.ActiveCfg = Release|Any CPU
		{F80EAFB6-BDC9-46D3-BD31-5F558B94A3B8}.Release|Any CPU.Build.0 = Release|Any CPU
		{435B6F5F-790E-40C7-B33D-FE32D06AA8E7}.Debug|Any CPU.ActiveCfg = Debug|Any CPU
		{435B6F5F-790E-40C7-B33D-FE32D06AA8E7}.Debug|Any CPU.Build.0 = Debug|Any CPU
		{435B6F5F-790E-40C7-B33D-FE32D06AA8E7}.Release|Any CPU.ActiveCfg = Release|Any CPU
		{435B6F5F-790E-40C7-B33D-FE32D06AA8E7}.Release|Any CPU.Build.0 = Release|Any CPU
		{72EB9207-886D-4003-AFC1-F81CA1FAB7E0}.Debug|Any CPU.ActiveCfg = Debug|Any CPU
		{72EB9207-886D-4003-AFC1-F81CA1FAB7E0}.Debug|Any CPU.Build.0 = Debug|Any CPU
		{72EB9207-886D-4003-AFC1-F81CA1FAB7E0}.Release|Any CPU.ActiveCfg = Release|Any CPU
		{72EB9207-886D-4003-AFC1-F81CA1FAB7E0}.Release|Any CPU.Build.0 = Release|Any CPU
		{FCA41C96-ADE8-4DF5-9137-1EF733C14CAF}.Debug|Any CPU.ActiveCfg = Debug|Any CPU
		{FCA41C96-ADE8-4DF5-9137-1EF733C14CAF}.Debug|Any CPU.Build.0 = Debug|Any CPU
		{FCA41C96-ADE8-4DF5-9137-1EF733C14CAF}.Release|Any CPU.ActiveCfg = Release|Any CPU
		{FCA41C96-ADE8-4DF5-9137-1EF733C14CAF}.Release|Any CPU.Build.0 = Release|Any CPU
		{7E0D1A50-A937-44A9-9E4A-B5BE1C7015DF}.Debug|Any CPU.ActiveCfg = Debug|Any CPU
		{7E0D1A50-A937-44A9-9E4A-B5BE1C7015DF}.Debug|Any CPU.Build.0 = Debug|Any CPU
		{7E0D1A50-A937-44A9-9E4A-B5BE1C7015DF}.Release|Any CPU.ActiveCfg = Release|Any CPU
		{7E0D1A50-A937-44A9-9E4A-B5BE1C7015DF}.Release|Any CPU.Build.0 = Release|Any CPU
		{2014E143-A0BC-4D43-AE62-45FBB9CD5C40}.Debug|Any CPU.ActiveCfg = Debug|Any CPU
		{2014E143-A0BC-4D43-AE62-45FBB9CD5C40}.Debug|Any CPU.Build.0 = Debug|Any CPU
		{2014E143-A0BC-4D43-AE62-45FBB9CD5C40}.Release|Any CPU.ActiveCfg = Release|Any CPU
		{2014E143-A0BC-4D43-AE62-45FBB9CD5C40}.Release|Any CPU.Build.0 = Release|Any CPU
		{F58CE33D-5AF3-473C-BFFE-D00CBF4E526F}.Debug|Any CPU.ActiveCfg = Debug|Any CPU
		{F58CE33D-5AF3-473C-BFFE-D00CBF4E526F}.Debug|Any CPU.Build.0 = Debug|Any CPU
		{F58CE33D-5AF3-473C-BFFE-D00CBF4E526F}.Release|Any CPU.ActiveCfg = Release|Any CPU
		{F58CE33D-5AF3-473C-BFFE-D00CBF4E526F}.Release|Any CPU.Build.0 = Release|Any CPU
		{3EAD750B-66B4-4E0C-8BF2-162FA45B3146}.Debug|Any CPU.ActiveCfg = Debug|Any CPU
		{3EAD750B-66B4-4E0C-8BF2-162FA45B3146}.Debug|Any CPU.Build.0 = Debug|Any CPU
		{3EAD750B-66B4-4E0C-8BF2-162FA45B3146}.Release|Any CPU.ActiveCfg = Release|Any CPU
		{3EAD750B-66B4-4E0C-8BF2-162FA45B3146}.Release|Any CPU.Build.0 = Release|Any CPU
		{982F7194-AB97-4011-97FF-15C300AEF5FA}.Debug|Any CPU.ActiveCfg = Debug|Any CPU
		{982F7194-AB97-4011-97FF-15C300AEF5FA}.Debug|Any CPU.Build.0 = Debug|Any CPU
		{982F7194-AB97-4011-97FF-15C300AEF5FA}.Release|Any CPU.ActiveCfg = Release|Any CPU
		{982F7194-AB97-4011-97FF-15C300AEF5FA}.Release|Any CPU.Build.0 = Release|Any CPU
		{251DADE3-8DE0-4916-B96C-68CDA2506A0D}.Debug|Any CPU.ActiveCfg = Debug|Any CPU
		{251DADE3-8DE0-4916-B96C-68CDA2506A0D}.Debug|Any CPU.Build.0 = Debug|Any CPU
		{251DADE3-8DE0-4916-B96C-68CDA2506A0D}.Release|Any CPU.ActiveCfg = Release|Any CPU
		{251DADE3-8DE0-4916-B96C-68CDA2506A0D}.Release|Any CPU.Build.0 = Release|Any CPU
		{C56CACB6-A884-450A-B695-2CF1A1D8F1D0}.Debug|Any CPU.ActiveCfg = Debug|Any CPU
		{C56CACB6-A884-450A-B695-2CF1A1D8F1D0}.Debug|Any CPU.Build.0 = Debug|Any CPU
		{C56CACB6-A884-450A-B695-2CF1A1D8F1D0}.Release|Any CPU.ActiveCfg = Release|Any CPU
		{C56CACB6-A884-450A-B695-2CF1A1D8F1D0}.Release|Any CPU.Build.0 = Release|Any CPU
		{207AD756-B49E-45E6-969C-639765C2656D}.Debug|Any CPU.ActiveCfg = Debug|Any CPU
		{207AD756-B49E-45E6-969C-639765C2656D}.Debug|Any CPU.Build.0 = Debug|Any CPU
		{207AD756-B49E-45E6-969C-639765C2656D}.Release|Any CPU.ActiveCfg = Release|Any CPU
		{207AD756-B49E-45E6-969C-639765C2656D}.Release|Any CPU.Build.0 = Release|Any CPU
		{22387ADF-D93D-447C-8DDB-F252976EE6D6}.Debug|Any CPU.ActiveCfg = Debug|Any CPU
		{22387ADF-D93D-447C-8DDB-F252976EE6D6}.Debug|Any CPU.Build.0 = Debug|Any CPU
		{22387ADF-D93D-447C-8DDB-F252976EE6D6}.Release|Any CPU.ActiveCfg = Release|Any CPU
		{22387ADF-D93D-447C-8DDB-F252976EE6D6}.Release|Any CPU.Build.0 = Release|Any CPU
	EndGlobalSection
	GlobalSection(SolutionProperties) = preSolution
		HideSolutionNode = FALSE
	EndGlobalSection
	GlobalSection(ExtensibilityGlobals) = postSolution
		SolutionGuid = {0C2C9A4B-4601-4F42-A2E5-D476202E7E48}
	EndGlobalSection
EndGlobal
